
Microsoft Visual Studio Solution File, Format Version 12.00
# Visual Studio Version 17
VisualStudioVersion = 17.2.32616.157
MinimumVisualStudioVersion = 10.0.40219.1
Project("{FAE04EC0-301F-11D3-BF4B-00C04F79EFBC}") = "CheckAvailability.Server", "src\Server\CheckAvailability.Server.csproj", "{D36C8147-D75B-4DFF-BA92-A817C2FD36EA}"
EndProject
Project("{FAE04EC0-301F-11D3-BF4B-00C04F79EFBC}") = "CheckAvailability.Client", "src\Client\CheckAvailability.Client.csproj", "{EBD18E40-9C1A-4FC7-94FB-E9ED79628AB6}"
EndProject
Project("{FAE04EC0-301F-11D3-BF4B-00C04F79EFBC}") = "CheckAvailability.Shared", "src\Shared\CheckAvailability.Shared.csproj", "{4BF29C5F-2F84-4694-A9D2-3624A99BB72E}"
EndProject
Global
	GlobalSection(SolutionConfigurationPlatforms) = preSolution
		Debug|Any CPU = Debug|Any CPU
		Release|Any CPU = Release|Any CPU
	EndGlobalSection
	GlobalSection(ProjectConfigurationPlatforms) = postSolution
		{D36C8147-D75B-4DFF-BA92-A817C2FD36EA}.Debug|Any CPU.ActiveCfg = Debug|Any CPU
		{D36C8147-D75B-4DFF-BA92-A817C2FD36EA}.Debug|Any CPU.Build.0 = Debug|Any CPU
		{D36C8147-D75B-4DFF-BA92-A817C2FD36EA}.Release|Any CPU.ActiveCfg = Release|Any CPU
		{D36C8147-D75B-4DFF-BA92-A817C2FD36EA}.Release|Any CPU.Build.0 = Release|Any CPU
		{EBD18E40-9C1A-4FC7-94FB-E9ED79628AB6}.Debug|Any CPU.ActiveCfg = Debug|Any CPU
		{EBD18E40-9C1A-4FC7-94FB-E9ED79628AB6}.Debug|Any CPU.Build.0 = Debug|Any CPU
		{EBD18E40-9C1A-4FC7-94FB-E9ED79628AB6}.Release|Any CPU.ActiveCfg = Release|Any CPU
		{EBD18E40-9C1A-4FC7-94FB-E9ED79628AB6}.Release|Any CPU.Build.0 = Release|Any CPU
		{4BF29C5F-2F84-4694-A9D2-3624A99BB72E}.Debug|Any CPU.ActiveCfg = Debug|Any CPU
		{4BF29C5F-2F84-4694-A9D2-3624A99BB72E}.Debug|Any CPU.Build.0 = Debug|Any CPU
		{4BF29C5F-2F84-4694-A9D2-3624A99BB72E}.Release|Any CPU.ActiveCfg = Release|Any CPU
		{4BF29C5F-2F84-4694-A9D2-3624A99BB72E}.Release|Any CPU.Build.0 = Release|Any CPU
	EndGlobalSection
	GlobalSection(SolutionProperties) = preSolution
		HideSolutionNode = FALSE
	EndGlobalSection
	GlobalSection(ExtensibilityGlobals) = postSolution
		SolutionGuid = {96268110-D97E-4652-AD37-59D0FFB7C43C}
	EndGlobalSection
EndGlobal
